{
  "nodes": {
    "nixpkgs": {
      "locked": {
        "lastModified": 1778947228,
        "narHash": "sha256-z1PIyRIm5nlh6sB4I4ObT42O6IT5zuFzQK0RtvRoL/c=",
        "owner": "nixos",
        "repo": "nixpkgs",
        "rev": "ff5e747c5f45865599ba7387244212420558e83c",
        "type": "github"
      },
      "original": {
        "owner": "nixos",
        "ref": "release-25.11",
        "repo": "nixpkgs",
        "type": "github"
      }
    },
    "root": {
      "inputs": {
        "nixpkgs": "nixpkgs"
      }
    }
  },
  "root": "root",
  "version": 7
}
